
Microsoft Visual Studio Solution File, Format Version 12.00
# Visual Studio Version 17
VisualStudioVersion = 17.7.34003.232
MinimumVisualStudioVersion = 10.0.40219.1
Project("{2150E333-8FDC-42A3-9474-1A3956D46DE8}") = "1.API", "1.API", "{180A41F6-203E-4777-8300-F481F6CA75D0}"
EndProject
Project("{2150E333-8FDC-42A3-9474-1A3956D46DE8}") = "2.Application", "2.Application", "{9A666B7A-BA37-4CB6-AC78-6E0613AE32C6}"
EndProject
Project("{2150E333-8FDC-42A3-9474-1A3956D46DE8}") = "3.Core", "3.Core", "{16F83FDE-DA12-4375-963B-EE1FDDDFFDB8}"
EndProject
Project("{2150E333-8FDC-42A3-9474-1A3956D46DE8}") = "4.Infrastructure", "4.Infrastructure", "{919E68A9-0D7C-41A1-9215-C07E6F811AE8}"
EndProject
Project("{9A19103F-16F7-4668-BE54-9A1E7A4F7556}") = "JackDaniels.Infrastructure", "JackDaniels.Infrastructure\JackDaniels.Infrastructure.csproj", "{41550DA6-2151-40F7-929A-453B20190ADC}"
EndProject
Project("{9A19103F-16F7-4668-BE54-9A1E7A4F7556}") = "JackDaniels.Core", "JackDaniels.Core\JackDaniels.Core.csproj", "{A2A115A4-1C3C-4584-8B77-A3B8C1607957}"
EndProject
Project("{9A19103F-16F7-4668-BE54-9A1E7A4F7556}") = "JackDaniels.Application", "JackDaniels.Application\JackDaniels.Application.csproj", "{2A57C6B8-623A-4C52-937E-4782561BAF54}"
EndProject
Project("{9A19103F-16F7-4668-BE54-9A1E7A4F7556}") = "JackDaniels.Api", "JackDaniels.Product\JackDaniels.Api.csproj", "{EA56B466-D01E-4A4D-993C-2AB9775DCAE3}"
EndProject
Global
	GlobalSection(SolutionConfigurationPlatforms) = preSolution
		Debug|Any CPU = Debug|Any CPU
		Release|Any CPU = Release|Any CPU
	EndGlobalSection
	GlobalSection(ProjectConfigurationPlatforms) = postSolution
		{41550DA6-2151-40F7-929A-453B20190ADC}.Debug|Any CPU.ActiveCfg = Debug|Any CPU
		{41550DA6-2151-40F7-929A-453B20190ADC}.Debug|Any CPU.Build.0 = Debug|Any CPU
		{41550DA6-2151-40F7-929A-453B20190ADC}.Release|Any CPU.ActiveCfg = Release|Any CPU
		{41550DA6-2151-40F7-929A-453B20190ADC}.Release|Any CPU.Build.0 = Release|Any CPU
		{A2A115A4-1C3C-4584-8B77-A3B8C1607957}.Debug|Any CPU.ActiveCfg = Debug|Any CPU
		{A2A115A4-1C3C-4584-8B77-A3B8C1607957}.Debug|Any CPU.Build.0 = Debug|Any CPU
		{A2A115A4-1C3C-4584-8B77-A3B8C1607957}.Release|Any CPU.ActiveCfg = Release|Any CPU
		{A2A115A4-1C3C-4584-8B77-A3B8C1607957}.Release|Any CPU.Build.0 = Release|Any CPU
		{2A57C6B8-623A-4C52-937E-4782561BAF54}.Debug|Any CPU.ActiveCfg = Debug|Any CPU
		{2A57C6B8-623A-4C52-937E-4782561BAF54}.Debug|Any CPU.Build.0 = Debug|Any CPU
		{2A57C6B8-623A-4C52-937E-4782561BAF54}.Release|Any CPU.ActiveCfg = Release|Any CPU
		{2A57C6B8-623A-4C52-937E-4782561BAF54}.Release|Any CPU.Build.0 = Release|Any CPU
		{EA56B466-D01E-4A4D-993C-2AB9775DCAE3}.Debug|Any CPU.ActiveCfg = Debug|Any CPU
		{EA56B466-D01E-4A4D-993C-2AB9775DCAE3}.Debug|Any CPU.Build.0 = Debug|Any CPU
		{EA56B466-D01E-4A4D-993C-2AB9775DCAE3}.Release|Any CPU.ActiveCfg = Release|Any CPU
		{EA56B466-D01E-4A4D-993C-2AB9775DCAE3}.Release|Any CPU.Build.0 = Release|Any CPU
	EndGlobalSection
	GlobalSection(SolutionProperties) = preSolution
		HideSolutionNode = FALSE
	EndGlobalSection
	GlobalSection(NestedProjects) = preSolution
		{41550DA6-2151-40F7-929A-453B20190ADC} = {919E68A9-0D7C-41A1-9215-C07E6F811AE8}
		{A2A115A4-1C3C-4584-8B77-A3B8C1607957} = {16F83FDE-DA12-4375-963B-EE1FDDDFFDB8}
		{2A57C6B8-623A-4C52-937E-4782561BAF54} = {9A666B7A-BA37-4CB6-AC78-6E0613AE32C6}
		{EA56B466-D01E-4A4D-993C-2AB9775DCAE3} = {180A41F6-203E-4777-8300-F481F6CA75D0}
	EndGlobalSection
	GlobalSection(ExtensibilityGlobals) = postSolution
		SolutionGuid = {C8CA15B9-0858-452B-BE4C-8AEC81B14F54}
	EndGlobalSection
EndGlobal
